
Microsoft Visual Studio Solution File, Format Version 12.00
# Visual Studio Version 17
VisualStudioVersion = 17.14.36623.8 d17.14
MinimumVisualStudioVersion = 10.0.40219.1
Project("{FAE04EC0-301F-11D3-BF4B-00C04F79EFBC}") = "Task_3", "Task_3\Task_3.csproj", "{528441FB-220A-411A-A626-F5A9791278B8}"
EndProject
Global
	GlobalSection(SolutionConfigurationPlatforms) = preSolution
		Debug|Any CPU = Debug|Any CPU
		Release|Any CPU = Release|Any CPU
	EndGlobalSection
	GlobalSection(ProjectConfigurationPlatforms) = postSolution
		{528441FB-220A-411A-A626-F5A9791278B8}.Debug|Any CPU.ActiveCfg = Debug|Any CPU
		{528441FB-220A-411A-A626-F5A9791278B8}.Debug|Any CPU.Build.0 = Debug|Any CPU
		{528441FB-220A-411A-A626-F5A9791278B8}.Release|Any CPU.ActiveCfg = Release|Any CPU
		{528441FB-220A-411A-A626-F5A9791278B8}.Release|Any CPU.Build.0 = Release|Any CPU
	EndGlobalSection
	GlobalSection(SolutionProperties) = preSolution
		HideSolutionNode = FALSE
	EndGlobalSection
	GlobalSection(ExtensibilityGlobals) = postSolution
		SolutionGuid = {15C72A43-2F21-44B5-9AAA-A706752B6886}
	EndGlobalSection
EndGlobal
