
Microsoft Visual Studio Solution File, Format Version 12.00
# Visual Studio Version 17
VisualStudioVersion = 17.14.36623.8 d17.14
MinimumVisualStudioVersion = 10.0.40219.1
Project("{FAE04EC0-301F-11D3-BF4B-00C04F79EFBC}") = "Module_1_2", "Module_1_2\Module_1_2.csproj", "{C1651B07-634D-4F3E-80FA-77DE13599BAD}"
EndProject
Global
	GlobalSection(SolutionConfigurationPlatforms) = preSolution
		Debug|Any CPU = Debug|Any CPU
		Release|Any CPU = Release|Any CPU
	EndGlobalSection
	GlobalSection(ProjectConfigurationPlatforms) = postSolution
		{C1651B07-634D-4F3E-80FA-77DE13599BAD}.Debug|Any CPU.ActiveCfg = Debug|Any CPU
		{C1651B07-634D-4F3E-80FA-77DE13599BAD}.Debug|Any CPU.Build.0 = Debug|Any CPU
		{C1651B07-634D-4F3E-80FA-77DE13599BAD}.Release|Any CPU.ActiveCfg = Release|Any CPU
		{C1651B07-634D-4F3E-80FA-77DE13599BAD}.Release|Any CPU.Build.0 = Release|Any CPU
	EndGlobalSection
	GlobalSection(SolutionProperties) = preSolution
		HideSolutionNode = FALSE
	EndGlobalSection
	GlobalSection(ExtensibilityGlobals) = postSolution
		SolutionGuid = {228C2E0B-52E1-4D9E-936D-7082A1DDC811}
	EndGlobalSection
EndGlobal
