
Microsoft Visual Studio Solution File, Format Version 12.00
# Visual Studio Version 17
VisualStudioVersion = 17.14.36623.8 d17.14
MinimumVisualStudioVersion = 10.0.40219.1
Project("{FAE04EC0-301F-11D3-BF4B-00C04F79EFBC}") = "Task_2", "Task_2\Task_2.csproj", "{073EC140-813B-4B92-80FC-032B41F70B93}"
EndProject
Global
	GlobalSection(SolutionConfigurationPlatforms) = preSolution
		Debug|Any CPU = Debug|Any CPU
		Release|Any CPU = Release|Any CPU
	EndGlobalSection
	GlobalSection(ProjectConfigurationPlatforms) = postSolution
		{073EC140-813B-4B92-80FC-032B41F70B93}.Debug|Any CPU.ActiveCfg = Debug|Any CPU
		{073EC140-813B-4B92-80FC-032B41F70B93}.Debug|Any CPU.Build.0 = Debug|Any CPU
		{073EC140-813B-4B92-80FC-032B41F70B93}.Release|Any CPU.ActiveCfg = Release|Any CPU
		{073EC140-813B-4B92-80FC-032B41F70B93}.Release|Any CPU.Build.0 = Release|Any CPU
	EndGlobalSection
	GlobalSection(SolutionProperties) = preSolution
		HideSolutionNode = FALSE
	EndGlobalSection
	GlobalSection(ExtensibilityGlobals) = postSolution
		SolutionGuid = {5029ACE3-0A51-4EFD-BD47-5F47A9CF9E7C}
	EndGlobalSection
EndGlobal
