
Microsoft Visual Studio Solution File, Format Version 12.00
# Visual Studio Version 17
VisualStudioVersion = 17.14.36623.8 d17.14
MinimumVisualStudioVersion = 10.0.40219.1
Project("{FAE04EC0-301F-11D3-BF4B-00C04F79EFBC}") = "Task_4", "Task_4\Task_4.csproj", "{5FA4673B-3C12-4400-8A00-3DF055F132E7}"
EndProject
Global
	GlobalSection(SolutionConfigurationPlatforms) = preSolution
		Debug|Any CPU = Debug|Any CPU
		Release|Any CPU = Release|Any CPU
	EndGlobalSection
	GlobalSection(ProjectConfigurationPlatforms) = postSolution
		{5FA4673B-3C12-4400-8A00-3DF055F132E7}.Debug|Any CPU.ActiveCfg = Debug|Any CPU
		{5FA4673B-3C12-4400-8A00-3DF055F132E7}.Debug|Any CPU.Build.0 = Debug|Any CPU
		{5FA4673B-3C12-4400-8A00-3DF055F132E7}.Release|Any CPU.ActiveCfg = Release|Any CPU
		{5FA4673B-3C12-4400-8A00-3DF055F132E7}.Release|Any CPU.Build.0 = Release|Any CPU
	EndGlobalSection
	GlobalSection(SolutionProperties) = preSolution
		HideSolutionNode = FALSE
	EndGlobalSection
	GlobalSection(ExtensibilityGlobals) = postSolution
		SolutionGuid = {1394846B-325E-4714-986C-AB2224F28D03}
	EndGlobalSection
EndGlobal
