
Microsoft Visual Studio Solution File, Format Version 12.00
# Visual Studio Version 17
VisualStudioVersion = 17.14.36623.8 d17.14
MinimumVisualStudioVersion = 10.0.40219.1
Project("{FAE04EC0-301F-11D3-BF4B-00C04F79EFBC}") = "Task_2", "Task_2\Task_2.csproj", "{4A47E0EC-8274-4168-A85B-31CE52B479F7}"
EndProject
Global
	GlobalSection(SolutionConfigurationPlatforms) = preSolution
		Debug|Any CPU = Debug|Any CPU
		Release|Any CPU = Release|Any CPU
	EndGlobalSection
	GlobalSection(ProjectConfigurationPlatforms) = postSolution
		{4A47E0EC-8274-4168-A85B-31CE52B479F7}.Debug|Any CPU.ActiveCfg = Debug|Any CPU
		{4A47E0EC-8274-4168-A85B-31CE52B479F7}.Debug|Any CPU.Build.0 = Debug|Any CPU
		{4A47E0EC-8274-4168-A85B-31CE52B479F7}.Release|Any CPU.ActiveCfg = Release|Any CPU
		{4A47E0EC-8274-4168-A85B-31CE52B479F7}.Release|Any CPU.Build.0 = Release|Any CPU
	EndGlobalSection
	GlobalSection(SolutionProperties) = preSolution
		HideSolutionNode = FALSE
	EndGlobalSection
	GlobalSection(ExtensibilityGlobals) = postSolution
		SolutionGuid = {5F625696-E606-474A-9CAD-FA83CBADC4C5}
	EndGlobalSection
EndGlobal
